schema: '2.0'
stages:
  train-forensic:
    cmd: ".venv/bin/python3 tests/fixtures/train-forensic-encoder.py --epochs 15 --batch
      32 --lr 0.001 --seed 42 --img-size 224 --threshold 0.5\n"
    deps:
    - path: tests/fixtures/images/ai/dalle3
      hash: md5
      md5: 408acc8cd6b968103c494e98d7395595.dir
      size: 145526260
      nfiles: 400
    - path: tests/fixtures/images/ai/defactify
      hash: md5
      md5: 718ad03fb7c562082a7602251ba9e03c.dir
      size: 207217735
      nfiles: 1200
    - path: tests/fixtures/images/ai/grok
      hash: md5
      md5: 69e5b3fcef2c38c553325afcf0b701d3.dir
      size: 10476346
      nfiles: 49
    - path: tests/fixtures/images/ai/kaggle
      hash: md5
      md5: aa1cf14fe7f0ca2633b0825cd8673461.dir
      size: 289062409
      nfiles: 553
    - path: tests/fixtures/images/ai/midjourney
      hash: md5
      md5: 8b7d7c8d54e7b1a64145f2a37625f416.dir
      size: 97122682
      nfiles: 400
    - path: tests/fixtures/images/ai/training
      hash: md5
      md5: 38edaf67940fb8267c405b09b8003e25.dir
      size: 17359562
      nfiles: 15
    - path: tests/fixtures/images/real/coco
      hash: md5
      md5: ee90d292c5b835161a95a04dfddf0ec6.dir
      size: 102454211
      nfiles: 1000
    - path: tests/fixtures/images/real/kaggle
      hash: md5
      md5: dbe5541e760b626672501e1e41da7d09.dir
      size: 356256891
      nfiles: 1158
    - path: tests/fixtures/images/real/sun397
      hash: md5
      md5: 7a4440147804fabeb0b5999a10da9ed4.dir
      size: 588984483
      nfiles: 1000
    - path: tests/fixtures/images/real/training
      hash: md5
      md5: 7f8fe1cb1775988bb7121ad7ec75752e.dir
      size: 12185844
      nfiles: 59
    - path: tests/fixtures/images/real/twitter
      hash: md5
      md5: 4f3c202d949a7962082c0d6f57187d1d.dir
      size: 16850841
      nfiles: 19
    - path: tests/fixtures/train-forensic-encoder.py
      hash: md5
      md5: b32f0aafb63cda70271f6a193461c5ff
      size: 19069
    params:
      params.yaml:
        train.batch_size: 32
        train.epochs: 15
        train.img_size: 224
        train.learning_rate: 0.001
        train.seed: 42
        train.threshold: 0.5
    outs:
    - path: lib/forensic-ai-detector.keras
      hash: md5
      md5: f45f306c4f4fbdd5eb333e735bb0baa7
      size: 934049
    - path: lib/forensic-metrics.json
      hash: md5
      md5: 90b37cf3884060d1084e87f7a8123c67
      size: 1459
    - path: lib/forensic-tfjs
      hash: md5
      md5: b4efa14b6289c33dcefbc93813f93900.dir
      size: 152423
      nfiles: 2
